{
  "version": 4,
  "terraform_version": "1.5.0",
  "serial": 9,
  "lineage": "931dcfcc-f9ac-0180-48d9-b9de0ec2cf9a",
  "outputs": {
    "webapp_ips": {
      "value": "20.31.157.208,20.31.158.114,20.238.224.60,20.126.250.131,20.238.224.119,20.238.224.150,20.101.13.145,20.101.15.64,20.103.216.123,20.103.218.153,20.103.223.237,20.126.248.56,20.105.232.37",
      "type": "string"
    },
    "webapp_url": {
      "value": "kpecev-library-webapp.azurewebsites.net",
      "type": "string"
    }
  },
  "resources": [
    {
      "mode": "managed",
      "type": "azurerm_app_service_source_control",
      "name": "sourcecontrol",
      "provider": "provider[\"registry.terraform.io/hashicorp/azurerm\"]",
      "instances": [
        {
          "schema_version": 0,
          "attributes": {
            "app_id": "/subscriptions/cd84b16c-9065-4bbb-8544-171b7ed161bf/resourceGroups/KPecevLibraryRG/providers/Microsoft.Web/sites/kpecev-library-webapp",
            "branch": "main",
            "github_action_configuration": [],
            "id": "/subscriptions/cd84b16c-9065-4bbb-8544-171b7ed161bf/resourceGroups/KPecevLibraryRG/providers/Microsoft.Web/sites/kpecev-library-webapp",
            "repo_url": "https://github.com/KirilPecev/SoftUni-Exam-Library",
            "rollback_enabled": false,
            "scm_type": "ExternalGit",
            "timeouts": null,
            "use_local_git": false,
            "use_manual_integration": true,
            "use_mercurial": false,
            "uses_github_action": false
          },
          "sensitive_attributes": [],
          "private": "eyJlMmJmYjczMC1lY2FhLTExZTYtOGY4OC0zNDM2M2JjN2M0YzAiOnsiY3JlYXRlIjoxODAwMDAwMDAwMDAwLCJkZWxldGUiOjE4MDAwMDAwMDAwMDAsInJlYWQiOjMwMDAwMDAwMDAwMH19",
          "dependencies": [
            "azurerm_linux_web_app.webapp",
            "azurerm_mssql_server.sql",
            "azurerm_resource_group.rg",
            "azurerm_service_plan.sp",
            "random_integer.ri"
          ]
        }
      ]
    },
    {
      "mode": "managed",
      "type": "azurerm_linux_web_app",
      "name": "webapp",
      "provider": "provider[\"registry.terraform.io/hashicorp/azurerm\"]",
      "instances": [
        {
          "schema_version": 0,
          "attributes": {
            "app_settings": null,
            "auth_settings": [],
            "auth_settings_v2": [],
            "backup": [],
            "client_affinity_enabled": false,
            "client_certificate_enabled": false,
            "client_certificate_exclusion_paths": "",
            "client_certificate_mode": "Required",
            "connection_string": [
              {
                "name": "DefaultConnection",
                "type": "SQLAzure",
                "value": "Data Source=tcp:kpecev-library-sqlserver-51098.database.windows.net,1433;Initial Catalog=kpecev-library-sqlserver-51098;User Id=4dm1n157r470r;Password=4-v3ry-53cr37-p455w0rd;Trusted_Connection=False;MultipleActiveResultSets=True;"
              }
            ],
            "custom_domain_verification_id": "394A30CAA3A959D98EC975B050E0F894F6AAC978ED4ED5EBC90CB07230A0E0D6",
            "default_hostname": "kpecev-library-webapp.azurewebsites.net",
            "enabled": true,
            "hosting_environment_id": "",
            "https_only": false,
            "id": "/subscriptions/cd84b16c-9065-4bbb-8544-171b7ed161bf/resourceGroups/KPecevLibraryRG/providers/Microsoft.Web/sites/kpecev-library-webapp",
            "identity": [],
            "key_vault_reference_identity_id": "SystemAssigned",
            "kind": "app,linux",
            "location": "westeurope",
            "logs": [],
            "name": "kpecev-library-webapp",
            "outbound_ip_address_list": [
              "20.31.157.208",
              "20.31.158.114",
              "20.238.224.60",
              "20.126.250.131",
              "20.238.224.119",
              "20.238.224.150",
              "20.101.13.145",
              "20.101.15.64",
              "20.103.216.123",
              "20.103.218.153",
              "20.103.223.237",
              "20.126.248.56",
              "20.105.232.37"
            ],
            "outbound_ip_addresses": "20.31.157.208,20.31.158.114,20.238.224.60,20.126.250.131,20.238.224.119,20.238.224.150,20.101.13.145,20.101.15.64,20.103.216.123,20.103.218.153,20.103.223.237,20.126.248.56,20.105.232.37",
            "possible_outbound_ip_address_list": [
              "20.31.157.208",
              "20.31.158.114",
              "20.238.224.60",
              "20.126.250.131",
              "20.238.224.119",
              "20.238.224.150",
              "20.101.13.145",
              "20.101.15.64",
              "20.103.216.123",
              "20.103.218.153",
              "20.103.223.237",
              "20.126.248.56",
              "20.126.249.232",
              "20.126.251.252",
              "20.126.253.142",
              "20.126.254.207",
              "20.31.152.246",
              "20.31.153.117",
              "20.31.155.83",
              "20.31.155.108",
              "20.31.155.155",
              "20.31.156.5",
              "20.31.156.117",
              "20.31.157.144",
              "20.31.157.208",
              "20.31.158.114",
              "20.238.224.60",
              "20.126.250.131",
              "20.238.224.119",
              "20.238.224.150",
              "20.238.225.34",
              "20.238.225.103",
              "20.238.225.222",
              "20.238.226.134",
              "20.238.227.16",
              "20.238.227.89",
              "20.105.232.37"
            ],
            "possible_outbound_ip_addresses": "20.31.157.208,20.31.158.114,20.238.224.60,20.126.250.131,20.238.224.119,20.238.224.150,20.101.13.145,20.101.15.64,20.103.216.123,20.103.218.153,20.103.223.237,20.126.248.56,20.126.249.232,20.126.251.252,20.126.253.142,20.126.254.207,20.31.152.246,20.31.153.117,20.31.155.83,20.31.155.108,20.31.155.155,20.31.156.5,20.31.156.117,20.31.157.144,20.31.157.208,20.31.158.114,20.238.224.60,20.126.250.131,20.238.224.119,20.238.224.150,20.238.225.34,20.238.225.103,20.238.225.222,20.238.226.134,20.238.227.16,20.238.227.89,20.105.232.37",
            "resource_group_name": "KPecevLibraryRG",
            "service_plan_id": "/subscriptions/cd84b16c-9065-4bbb-8544-171b7ed161bf/resourceGroups/KPecevLibraryRG/providers/Microsoft.Web/serverfarms/kpecev-library-51098",
            "site_config": [
              {
                "always_on": false,
                "api_definition_url": "",
                "api_management_api_id": "",
                "app_command_line": "",
                "application_stack": [
                  {
                    "docker_image": "",
                    "docker_image_tag": "",
                    "dotnet_version": "6.0",
                    "go_version": "",
                    "java_server": "",
                    "java_server_version": "",
                    "java_version": "",
                    "node_version": "",
                    "php_version": "",
                    "python_version": "",
                    "ruby_version": ""
                  }
                ],
                "auto_heal_enabled": false,
                "auto_heal_setting": [],
                "container_registry_managed_identity_client_id": "",
                "container_registry_use_managed_identity": false,
                "cors": [],
                "default_documents": [
                  "Default.htm",
                  "Default.html",
                  "Default.asp",
                  "index.htm",
                  "index.html",
                  "iisstart.htm",
                  "default.aspx",
                  "index.php",
                  "hostingstart.html"
                ],
                "detailed_error_logging_enabled": false,
                "ftps_state": "Disabled",
                "health_check_eviction_time_in_min": 0,
                "health_check_path": "",
                "http2_enabled": false,
                "ip_restriction": [],
                "linux_fx_version": "DOTNETCORE|6.0",
                "load_balancing_mode": "LeastRequests",
                "local_mysql_enabled": false,
                "managed_pipeline_mode": "Integrated",
                "minimum_tls_version": "1.2",
                "remote_debugging_enabled": false,
                "remote_debugging_version": "VS2019",
                "scm_ip_restriction": [],
                "scm_minimum_tls_version": "1.2",
                "scm_type": "None",
                "scm_use_main_ip_restriction": false,
                "use_32_bit_worker": true,
                "vnet_route_all_enabled": false,
                "websockets_enabled": false,
                "worker_count": 1
              }
            ],
            "site_credential": [
              {
                "name": "$kpecev-library-webapp",
                "password": "DftvZQDczZ5mAefwxbaj8w6kxLCScxR4wRu7qw0SFbJ4rp9wfxRJvQnBKKeq"
              }
            ],
            "sticky_settings": [],
            "storage_account": [],
            "tags": null,
            "timeouts": null,
            "virtual_network_subnet_id": "",
            "zip_deploy_file": ""
          },
          "sensitive_attributes": [
            [
              {
                "type": "get_attr",
                "value": "connection_string"
              }
            ]
          ],
          "private": "eyJlMmJmYjczMC1lY2FhLTExZTYtOGY4OC0zNDM2M2JjN2M0YzAiOnsiY3JlYXRlIjoxODAwMDAwMDAwMDAwLCJkZWxldGUiOjE4MDAwMDAwMDAwMDAsInJlYWQiOjMwMDAwMDAwMDAwMCwidXBkYXRlIjoxODAwMDAwMDAwMDAwfX0=",
          "dependencies": [
            "azurerm_mssql_server.sql",
            "azurerm_resource_group.rg",
            "azurerm_service_plan.sp",
            "random_integer.ri"
          ]
        }
      ]
    },
    {
      "mode": "managed",
      "type": "azurerm_mssql_database",
      "name": "db",
      "provider": "provider[\"registry.terraform.io/hashicorp/azurerm\"]",
      "instances": [
        {
          "schema_version": 1,
          "attributes": {
            "auto_pause_delay_in_minutes": 0,
            "collation": "SQL_Latin1_General_CP1_CI_AS",
            "create_mode": "Default",
            "creation_source_database_id": null,
            "elastic_pool_id": "",
            "geo_backup_enabled": true,
            "id": "/subscriptions/cd84b16c-9065-4bbb-8544-171b7ed161bf/resourceGroups/KPecevLibraryRG/providers/Microsoft.Sql/servers/kpecev-library-sqlserver-51098/databases/kpecev-library-db-51098",
            "import": [],
            "ledger_enabled": false,
            "license_type": "LicenseIncluded",
            "long_term_retention_policy": [
              {
                "monthly_retention": "PT0S",
                "week_of_year": 1,
                "weekly_retention": "PT0S",
                "yearly_retention": "PT0S"
              }
            ],
            "maintenance_configuration_name": "SQL_Default",
            "max_size_gb": 250,
            "min_capacity": 0,
            "name": "kpecev-library-db-51098",
            "read_replica_count": 0,
            "read_scale": false,
            "recover_database_id": null,
            "restore_dropped_database_id": null,
            "restore_point_in_time": null,
            "sample_name": null,
            "server_id": "/subscriptions/cd84b16c-9065-4bbb-8544-171b7ed161bf/resourceGroups/KPecevLibraryRG/providers/Microsoft.Sql/servers/kpecev-library-sqlserver-51098",
            "short_term_retention_policy": [
              {
                "backup_interval_in_hours": 24,
                "retention_days": 7
              }
            ],
            "sku_name": "S0",
            "storage_account_type": "Geo",
            "tags": null,
            "threat_detection_policy": [
              {
                "disabled_alerts": [],
                "email_account_admins": "Disabled",
                "email_addresses": [],
                "retention_days": 0,
                "state": "Disabled",
                "storage_account_access_key": "",
                "storage_endpoint": ""
              }
            ],
            "timeouts": null,
            "transparent_data_encryption_enabled": true,
            "zone_redundant": false
          },
          "sensitive_attributes": [],
          "private": "eyJlMmJmYjczMC1lY2FhLTExZTYtOGY4OC0zNDM2M2JjN2M0YzAiOnsiY3JlYXRlIjozNjAwMDAwMDAwMDAwLCJkZWxldGUiOjM2MDAwMDAwMDAwMDAsInJlYWQiOjMwMDAwMDAwMDAwMCwidXBkYXRlIjozNjAwMDAwMDAwMDAwfSwic2NoZW1hX3ZlcnNpb24iOiIxIn0=",
          "dependencies": [
            "azurerm_mssql_server.sql",
            "azurerm_resource_group.rg",
            "random_integer.ri"
          ]
        }
      ]
    },
    {
      "mode": "managed",
      "type": "azurerm_mssql_firewall_rule",
      "name": "firewall",
      "provider": "provider[\"registry.terraform.io/hashicorp/azurerm\"]",
      "instances": [
        {
          "schema_version": 0,
          "attributes": {
            "end_ip_address": "0.0.0.0",
            "id": "/subscriptions/cd84b16c-9065-4bbb-8544-171b7ed161bf/resourceGroups/KPecevLibraryRG/providers/Microsoft.Sql/servers/kpecev-library-sqlserver-51098/firewallRules/FirewallRule1",
            "name": "FirewallRule1",
            "server_id": "/subscriptions/cd84b16c-9065-4bbb-8544-171b7ed161bf/resourceGroups/KPecevLibraryRG/providers/Microsoft.Sql/servers/kpecev-library-sqlserver-51098",
            "start_ip_address": "0.0.0.0",
            "timeouts": null
          },
          "sensitive_attributes": [],
          "private": "eyJlMmJmYjczMC1lY2FhLTExZTYtOGY4OC0zNDM2M2JjN2M0YzAiOnsiY3JlYXRlIjoxODAwMDAwMDAwMDAwLCJkZWxldGUiOjE4MDAwMDAwMDAwMDAsInJlYWQiOjMwMDAwMDAwMDAwMCwidXBkYXRlIjoxODAwMDAwMDAwMDAwfX0=",
          "dependencies": [
            "azurerm_mssql_server.sql",
            "azurerm_resource_group.rg",
            "random_integer.ri"
          ]
        }
      ]
    },
    {
      "mode": "managed",
      "type": "azurerm_mssql_server",
      "name": "sql",
      "provider": "provider[\"registry.terraform.io/hashicorp/azurerm\"]",
      "instances": [
        {
          "schema_version": 0,
          "attributes": {
            "administrator_login": "4dm1n157r470r",
            "administrator_login_password": "4-v3ry-53cr37-p455w0rd",
            "azuread_administrator": [],
            "connection_policy": "Default",
            "fully_qualified_domain_name": "kpecev-library-sqlserver-51098.database.windows.net",
            "id": "/subscriptions/cd84b16c-9065-4bbb-8544-171b7ed161bf/resourceGroups/KPecevLibraryRG/providers/Microsoft.Sql/servers/kpecev-library-sqlserver-51098",
            "identity": [],
            "location": "westeurope",
            "minimum_tls_version": "1.2",
            "name": "kpecev-library-sqlserver-51098",
            "outbound_network_restriction_enabled": false,
            "primary_user_assigned_identity_id": "",
            "public_network_access_enabled": true,
            "resource_group_name": "KPecevLibraryRG",
            "restorable_dropped_database_ids": [],
            "tags": null,
            "timeouts": null,
            "transparent_data_encryption_key_vault_key_id": "",
            "version": "12.0"
          },
          "sensitive_attributes": [],
          "private": "eyJlMmJmYjczMC1lY2FhLTExZTYtOGY4OC0zNDM2M2JjN2M0YzAiOnsiY3JlYXRlIjozNjAwMDAwMDAwMDAwLCJkZWxldGUiOjM2MDAwMDAwMDAwMDAsInJlYWQiOjMwMDAwMDAwMDAwMCwidXBkYXRlIjozNjAwMDAwMDAwMDAwfX0=",
          "dependencies": [
            "azurerm_resource_group.rg",
            "random_integer.ri"
          ]
        }
      ]
    },
    {
      "mode": "managed",
      "type": "azurerm_resource_group",
      "name": "rg",
      "provider": "provider[\"registry.terraform.io/hashicorp/azurerm\"]",
      "instances": [
        {
          "schema_version": 0,
          "attributes": {
            "id": "/subscriptions/cd84b16c-9065-4bbb-8544-171b7ed161bf/resourceGroups/KPecevLibraryRG",
            "location": "westeurope",
            "name": "KPecevLibraryRG",
            "tags": null,
            "timeouts": null
          },
          "sensitive_attributes": [],
          "private": "eyJlMmJmYjczMC1lY2FhLTExZTYtOGY4OC0zNDM2M2JjN2M0YzAiOnsiY3JlYXRlIjo1NDAwMDAwMDAwMDAwLCJkZWxldGUiOjU0MDAwMDAwMDAwMDAsInJlYWQiOjMwMDAwMDAwMDAwMCwidXBkYXRlIjo1NDAwMDAwMDAwMDAwfX0="
        }
      ]
    },
    {
      "mode": "managed",
      "type": "azurerm_service_plan",
      "name": "sp",
      "provider": "provider[\"registry.terraform.io/hashicorp/azurerm\"]",
      "instances": [
        {
          "schema_version": 0,
          "attributes": {
            "app_service_environment_id": "",
            "id": "/subscriptions/cd84b16c-9065-4bbb-8544-171b7ed161bf/resourceGroups/KPecevLibraryRG/providers/Microsoft.Web/serverfarms/kpecev-library-51098",
            "kind": "linux",
            "location": "westeurope",
            "maximum_elastic_worker_count": 1,
            "name": "kpecev-library-51098",
            "os_type": "Linux",
            "per_site_scaling_enabled": false,
            "reserved": true,
            "resource_group_name": "KPecevLibraryRG",
            "sku_name": "F1",
            "tags": null,
            "timeouts": null,
            "worker_count": 1,
            "zone_balancing_enabled": false
          },
          "sensitive_attributes": [],
          "private": "eyJlMmJmYjczMC1lY2FhLTExZTYtOGY4OC0zNDM2M2JjN2M0YzAiOnsiY3JlYXRlIjozNjAwMDAwMDAwMDAwLCJkZWxldGUiOjM2MDAwMDAwMDAwMDAsInJlYWQiOjMwMDAwMDAwMDAwMCwidXBkYXRlIjozNjAwMDAwMDAwMDAwfX0=",
          "dependencies": [
            "azurerm_resource_group.rg",
            "random_integer.ri"
          ]
        }
      ]
    },
    {
      "mode": "managed",
      "type": "random_integer",
      "name": "ri",
      "provider": "provider[\"registry.terraform.io/hashicorp/random\"]",
      "instances": [
        {
          "schema_version": 0,
          "attributes": {
            "id": "51098",
            "keepers": null,
            "max": 99999,
            "min": 10000,
            "result": 51098,
            "seed": null
          },
          "sensitive_attributes": []
        }
      ]
    }
  ],
  "check_results": null
}
